
Microsoft Visual Studio Solution File, Format Version 12.00
# Visual Studio Version 16
VisualStudioVersion = 16.0.31729.503
MinimumVisualStudioVersion = 10.0.40219.1
Project("{FAE04EC0-301F-11D3-BF4B-00C04F79EFBC}") = "FreiplatzApp.Android", "FreiplatzApp.Android\FreiplatzApp.Android.csproj", "{97A969B5-030A-4D2E-BA72-8623DBE85491}"
EndProject
Project("{FAE04EC0-301F-11D3-BF4B-00C04F79EFBC}") = "FreiplatzApp.iOS", "FreiplatzApp.iOS\FreiplatzApp.iOS.csproj", "{5880FD88-1866-4340-8543-16EC7EBE88E4}"
EndProject
Project("{FAE04EC0-301F-11D3-BF4B-00C04F79EFBC}") = "FreiplatzApp", "FreiplatzApp\FreiplatzApp.csproj", "{B6596ACE-5631-46F9-941A-A8C56DECF798}"
EndProject
Global
	GlobalSection(SolutionConfigurationPlatforms) = preSolution
		Debug|Any CPU = Debug|Any CPU
		Debug|iPhone = Debug|iPhone
		Debug|iPhoneSimulator = Debug|iPhoneSimulator
		Release|Any CPU = Release|Any CPU
		Release|iPhone = Release|iPhone
		Release|iPhoneSimulator = Release|iPhoneSimulator
	EndGlobalSection
	GlobalSection(ProjectConfigurationPlatforms) = postSolution
		{97A969B5-030A-4D2E-BA72-8623DBE85491}.Debug|Any CPU.ActiveCfg = Debug|Any CPU
		{97A969B5-030A-4D2E-BA72-8623DBE85491}.Debug|Any CPU.Build.0 = Debug|Any CPU
		{97A969B5-030A-4D2E-BA72-8623DBE85491}.Debug|Any CPU.Deploy.0 = Debug|Any CPU
		{97A969B5-030A-4D2E-BA72-8623DBE85491}.Debug|iPhone.ActiveCfg = Debug|Any CPU
		{97A969B5-030A-4D2E-BA72-8623DBE85491}.Debug|iPhone.Build.0 = Debug|Any CPU
		{97A969B5-030A-4D2E-BA72-8623DBE85491}.Debug|iPhone.Deploy.0 = Debug|Any CPU
		{97A969B5-030A-4D2E-BA72-8623DBE85491}.Debug|iPhoneSimulator.ActiveCfg = Debug|Any CPU
		{97A969B5-030A-4D2E-BA72-8623DBE85491}.Debug|iPhoneSimulator.Build.0 = Debug|Any CPU
		{97A969B5-030A-4D2E-BA72-8623DBE85491}.Debug|iPhoneSimulator.Deploy.0 = Debug|Any CPU
		{97A969B5-030A-4D2E-BA72-8623DBE85491}.Release|Any CPU.ActiveCfg = Release|Any CPU
		{97A969B5-030A-4D2E-BA72-8623DBE85491}.Release|Any CPU.Build.0 = Release|Any CPU
		{97A969B5-030A-4D2E-BA72-8623DBE85491}.Release|Any CPU.Deploy.0 = Release|Any CPU
		{97A969B5-030A-4D2E-BA72-8623DBE85491}.Release|iPhone.ActiveCfg = Release|Any CPU
		{97A969B5-030A-4D2E-BA72-8623DBE85491}.Release|iPhone.Build.0 = Release|Any CPU
		{97A969B5-030A-4D2E-BA72-8623DBE85491}.Release|iPhone.Deploy.0 = Release|Any CPU
		{97A969B5-030A-4D2E-BA72-8623DBE85491}.Release|iPhoneSimulator.ActiveCfg = Release|Any CPU
		{97A969B5-030A-4D2E-BA72-8623DBE85491}.Release|iPhoneSimulator.Build.0 = Release|Any CPU
		{97A969B5-030A-4D2E-BA72-8623DBE85491}.Release|iPhoneSimulator.Deploy.0 = Release|Any CPU
		{5880FD88-1866-4340-8543-16EC7EBE88E4}.Debug|Any CPU.ActiveCfg = Debug|iPhone
		{5880FD88-1866-4340-8543-16EC7EBE88E4}.Debug|Any CPU.Build.0 = Debug|iPhone
		{5880FD88-1866-4340-8543-16EC7EBE88E4}.Debug|Any CPU.Deploy.0 = Debug|iPhone
		{5880FD88-1866-4340-8543-16EC7EBE88E4}.Debug|iPhone.ActiveCfg = Debug|iPhone
		{5880FD88-1866-4340-8543-16EC7EBE88E4}.Debug|iPhone.Build.0 = Debug|iPhone
		{5880FD88-1866-4340-8543-16EC7EBE88E4}.Debug|iPhone.Deploy.0 = Debug|iPhone
		{5880FD88-1866-4340-8543-16EC7EBE88E4}.Debug|iPhoneSimulator.ActiveCfg = Debug|iPhoneSimulator
		{5880FD88-1866-4340-8543-16EC7EBE88E4}.Debug|iPhoneSimulator.Build.0 = Debug|iPhoneSimulator
		{5880FD88-1866-4340-8543-16EC7EBE88E4}.Debug|iPhoneSimulator.Deploy.0 = Debug|iPhoneSimulator
		{5880FD88-1866-4340-8543-16EC7EBE88E4}.Release|Any CPU.ActiveCfg = Release|iPhoneSimulator
		{5880FD88-1866-4340-8543-16EC7EBE88E4}.Release|Any CPU.Build.0 = Release|iPhoneSimulator
		{5880FD88-1866-4340-8543-16EC7EBE88E4}.Release|Any CPU.Deploy.0 = Release|iPhoneSimulator
		{5880FD88-1866-4340-8543-16EC7EBE88E4}.Release|iPhone.ActiveCfg = Release|iPhone
		{5880FD88-1866-4340-8543-16EC7EBE88E4}.Release|iPhone.Build.0 = Release|iPhone
		{5880FD88-1866-4340-8543-16EC7EBE88E4}.Release|iPhone.Deploy.0 = Release|iPhone
		{5880FD88-1866-4340-8543-16EC7EBE88E4}.Release|iPhoneSimulator.ActiveCfg = Release|iPhoneSimulator
		{5880FD88-1866-4340-8543-16EC7EBE88E4}.Release|iPhoneSimulator.Build.0 = Release|iPhoneSimulator
		{5880FD88-1866-4340-8543-16EC7EBE88E4}.Release|iPhoneSimulator.Deploy.0 = Release|iPhoneSimulator
		{B6596ACE-5631-46F9-941A-A8C56DECF798}.Debug|Any CPU.ActiveCfg = Debug|Any CPU
		{B6596ACE-5631-46F9-941A-A8C56DECF798}.Debug|Any CPU.Build.0 = Debug|Any CPU
		{B6596ACE-5631-46F9-941A-A8C56DECF798}.Debug|Any CPU.Deploy.0 = Debug|Any CPU
		{B6596ACE-5631-46F9-941A-A8C56DECF798}.Debug|iPhone.ActiveCfg = Debug|Any CPU
		{B6596ACE-5631-46F9-941A-A8C56DECF798}.Debug|iPhone.Build.0 = Debug|Any CPU
		{B6596ACE-5631-46F9-941A-A8C56DECF798}.Debug|iPhone.Deploy.0 = Debug|Any CPU
		{B6596ACE-5631-46F9-941A-A8C56DECF798}.Debug|iPhoneSimulator.ActiveCfg = Debug|Any CPU
		{B6596ACE-5631-46F9-941A-A8C56DECF798}.Debug|iPhoneSimulator.Build.0 = Debug|Any CPU
		{B6596ACE-5631-46F9-941A-A8C56DECF798}.Debug|iPhoneSimulator.Deploy.0 = Debug|Any CPU
		{B6596ACE-5631-46F9-941A-A8C56DECF798}.Release|Any CPU.ActiveCfg = Release|Any CPU
		{B6596ACE-5631-46F9-941A-A8C56DECF798}.Release|Any CPU.Build.0 = Release|Any CPU
		{B6596ACE-5631-46F9-941A-A8C56DECF798}.Release|Any CPU.Deploy.0 = Release|Any CPU
		{B6596ACE-5631-46F9-941A-A8C56DECF798}.Release|iPhone.ActiveCfg = Release|Any CPU
		{B6596ACE-5631-46F9-941A-A8C56DECF798}.Release|iPhone.Build.0 = Release|Any CPU
		{B6596ACE-5631-46F9-941A-A8C56DECF798}.Release|iPhone.Deploy.0 = Release|Any CPU
		{B6596ACE-5631-46F9-941A-A8C56DECF798}.Release|iPhoneSimulator.ActiveCfg = Release|Any CPU
		{B6596ACE-5631-46F9-941A-A8C56DECF798}.Release|iPhoneSimulator.Build.0 = Release|Any CPU
		{B6596ACE-5631-46F9-941A-A8C56DECF798}.Release|iPhoneSimulator.Deploy.0 = Release|Any CPU
	EndGlobalSection
	GlobalSection(SolutionProperties) = preSolution
		HideSolutionNode = FALSE
	EndGlobalSection
	GlobalSection(ExtensibilityGlobals) = postSolution
		SolutionGuid = {F12958E6-94F4-4B84-8FC9-0BD26CD10E7A}
	EndGlobalSection
EndGlobal
